
Microsoft Visual Studio Solution File, Format Version 12.00
Project("{FAE04EC0-301F-11D3-BF4B-00C04F79EFBC}") = "Nu-Apis", "Nu-Apis\Nu-Apis.csproj", "{E339718A-FA4D-48A5-8094-03ACCE8B52E3}"
EndProject
Project("{2150E333-8FDC-42A3-9474-1A3956D46DE8}") = "Solution Items", "Solution Items", "{61886F1B-9FAD-4EB0-8190-AE4BD066E990}"
	ProjectSection(SolutionItems) = preProject
		compose.yaml = compose.yaml
	EndProjectSection
EndProject
Project("{FAE04EC0-301F-11D3-BF4B-00C04F79EFBC}") = "Nu-BackgroundService", "Nu-BackgroundService\Nu-BackgroundService.csproj", "{23E7CC9F-2FB0-4806-9FB9-E7A732783EDC}"
EndProject
Project("{FAE04EC0-301F-11D3-BF4B-00C04F79EFBC}") = "Nu-DataService", "Nu-DataService\Nu-DataService.csproj", "{62B5BA2F-17A7-49D4-B826-4C9A7A0D2C5A}"
EndProject
Project("{FAE04EC0-301F-11D3-BF4B-00C04F79EFBC}") = "Nu-Models", "Nu-Models\Nu-Models.csproj", "{A9C679AC-988A-4A26-9BFE-3CA0EA52335B}"
EndProject
Project("{FAE04EC0-301F-11D3-BF4B-00C04F79EFBC}") = "Nu-Tests", "Nu-Tests\Nu-Tests.csproj", "{A1F80598-FECC-4EE0-ADBA-6238F03F93FC}"
EndProject
Project("{FAE04EC0-301F-11D3-BF4B-00C04F79EFBC}") = "Nu-BusinessService", "Nu-BusinessService\Nu-BusinessService.csproj", "{F82831DB-3C69-4A20-91B3-EDEA0C4AC73C}"
EndProject
Global
	GlobalSection(SolutionConfigurationPlatforms) = preSolution
		Debug|Any CPU = Debug|Any CPU
		Release|Any CPU = Release|Any CPU
	EndGlobalSection
	GlobalSection(ProjectConfigurationPlatforms) = postSolution
		{E339718A-FA4D-48A5-8094-03ACCE8B52E3}.Debug|Any CPU.ActiveCfg = Debug|Any CPU
		{E339718A-FA4D-48A5-8094-03ACCE8B52E3}.Debug|Any CPU.Build.0 = Debug|Any CPU
		{E339718A-FA4D-48A5-8094-03ACCE8B52E3}.Release|Any CPU.ActiveCfg = Release|Any CPU
		{E339718A-FA4D-48A5-8094-03ACCE8B52E3}.Release|Any CPU.Build.0 = Release|Any CPU
		{23E7CC9F-2FB0-4806-9FB9-E7A732783EDC}.Debug|Any CPU.ActiveCfg = Debug|Any CPU
		{23E7CC9F-2FB0-4806-9FB9-E7A732783EDC}.Debug|Any CPU.Build.0 = Debug|Any CPU
		{23E7CC9F-2FB0-4806-9FB9-E7A732783EDC}.Release|Any CPU.ActiveCfg = Release|Any CPU
		{23E7CC9F-2FB0-4806-9FB9-E7A732783EDC}.Release|Any CPU.Build.0 = Release|Any CPU
		{62B5BA2F-17A7-49D4-B826-4C9A7A0D2C5A}.Debug|Any CPU.ActiveCfg = Debug|Any CPU
		{62B5BA2F-17A7-49D4-B826-4C9A7A0D2C5A}.Debug|Any CPU.Build.0 = Debug|Any CPU
		{62B5BA2F-17A7-49D4-B826-4C9A7A0D2C5A}.Release|Any CPU.ActiveCfg = Release|Any CPU
		{62B5BA2F-17A7-49D4-B826-4C9A7A0D2C5A}.Release|Any CPU.Build.0 = Release|Any CPU
		{A9C679AC-988A-4A26-9BFE-3CA0EA52335B}.Debug|Any CPU.ActiveCfg = Debug|Any CPU
		{A9C679AC-988A-4A26-9BFE-3CA0EA52335B}.Debug|Any CPU.Build.0 = Debug|Any CPU
		{A9C679AC-988A-4A26-9BFE-3CA0EA52335B}.Release|Any CPU.ActiveCfg = Release|Any CPU
		{A9C679AC-988A-4A26-9BFE-3CA0EA52335B}.Release|Any CPU.Build.0 = Release|Any CPU
		{A1F80598-FECC-4EE0-ADBA-6238F03F93FC}.Debug|Any CPU.ActiveCfg = Debug|Any CPU
		{A1F80598-FECC-4EE0-ADBA-6238F03F93FC}.Debug|Any CPU.Build.0 = Debug|Any CPU
		{A1F80598-FECC-4EE0-ADBA-6238F03F93FC}.Release|Any CPU.ActiveCfg = Release|Any CPU
		{A1F80598-FECC-4EE0-ADBA-6238F03F93FC}.Release|Any CPU.Build.0 = Release|Any CPU
		{F82831DB-3C69-4A20-91B3-EDEA0C4AC73C}.Debug|Any CPU.ActiveCfg = Debug|Any CPU
		{F82831DB-3C69-4A20-91B3-EDEA0C4AC73C}.Debug|Any CPU.Build.0 = Debug|Any CPU
		{F82831DB-3C69-4A20-91B3-EDEA0C4AC73C}.Release|Any CPU.ActiveCfg = Release|Any CPU
		{F82831DB-3C69-4A20-91B3-EDEA0C4AC73C}.Release|Any CPU.Build.0 = Release|Any CPU
	EndGlobalSection
EndGlobal
